
Microsoft Visual Studio Solution File, Format Version 12.00
# Visual Studio Version 17
VisualStudioVersion = 17.1.32414.318
MinimumVisualStudioVersion = 10.0.40219.1
Project("{FAE04EC0-301F-11D3-BF4B-00C04F79EFBC}") = "Eshop.Server", "Server\Eshop.Server.csproj", "{245D3AF7-DD71-4230-9702-9A7C644F89A1}"
EndProject
Project("{FAE04EC0-301F-11D3-BF4B-00C04F79EFBC}") = "Eshop.Client", "Client\Eshop.Client.csproj", "{25F3A231-7980-4FAA-A6D7-85FC9D5BED7A}"
EndProject
Project("{FAE04EC0-301F-11D3-BF4B-00C04F79EFBC}") = "Eshop.Shared", "Shared\Eshop.Shared.csproj", "{97CE859F-0185-42A4-A1CA-2305E2378B40}"
EndProject
Global
	GlobalSection(SolutionConfigurationPlatforms) = preSolution
		Debug|Any CPU = Debug|Any CPU
		Release|Any CPU = Release|Any CPU
	EndGlobalSection
	GlobalSection(ProjectConfigurationPlatforms) = postSolution
		{245D3AF7-DD71-4230-9702-9A7C644F89A1}.Debug|Any CPU.ActiveCfg = Debug|Any CPU
		{245D3AF7-DD71-4230-9702-9A7C644F89A1}.Debug|Any CPU.Build.0 = Debug|Any CPU
		{245D3AF7-DD71-4230-9702-9A7C644F89A1}.Release|Any CPU.ActiveCfg = Release|Any CPU
		{245D3AF7-DD71-4230-9702-9A7C644F89A1}.Release|Any CPU.Build.0 = Release|Any CPU
		{25F3A231-7980-4FAA-A6D7-85FC9D5BED7A}.Debug|Any CPU.ActiveCfg = Debug|Any CPU
		{25F3A231-7980-4FAA-A6D7-85FC9D5BED7A}.Debug|Any CPU.Build.0 = Debug|Any CPU
		{25F3A231-7980-4FAA-A6D7-85FC9D5BED7A}.Release|Any CPU.ActiveCfg = Release|Any CPU
		{25F3A231-7980-4FAA-A6D7-85FC9D5BED7A}.Release|Any CPU.Build.0 = Release|Any CPU
		{97CE859F-0185-42A4-A1CA-2305E2378B40}.Debug|Any CPU.ActiveCfg = Debug|Any CPU
		{97CE859F-0185-42A4-A1CA-2305E2378B40}.Debug|Any CPU.Build.0 = Debug|Any CPU
		{97CE859F-0185-42A4-A1CA-2305E2378B40}.Release|Any CPU.ActiveCfg = Release|Any CPU
		{97CE859F-0185-42A4-A1CA-2305E2378B40}.Release|Any CPU.Build.0 = Release|Any CPU
	EndGlobalSection
	GlobalSection(SolutionProperties) = preSolution
		HideSolutionNode = FALSE
	EndGlobalSection
	GlobalSection(ExtensibilityGlobals) = postSolution
		SolutionGuid = {9F01A8C2-2ECA-4CFD-9094-7DD11182A01A}
	EndGlobalSection
EndGlobal
